
Microsoft Visual Studio Solution File, Format Version 12.00
# Visual Studio Version 17
VisualStudioVersion = 17.4.33110.190
MinimumVisualStudioVersion = 10.0.40219.1
Project("{FAE04EC0-301F-11D3-BF4B-00C04F79EFBC}") = "Employees", "Employees\Employees.csproj", "{E6E2E490-F1BA-4713-B5C4-111C5FD5EC7D}"
EndProject
Global
	GlobalSection(SolutionConfigurationPlatforms) = preSolution
		Debug|Any CPU = Debug|Any CPU
		Release|Any CPU = Release|Any CPU
	EndGlobalSection
	GlobalSection(ProjectConfigurationPlatforms) = postSolution
		{E6E2E490-F1BA-4713-B5C4-111C5FD5EC7D}.Debug|Any CPU.ActiveCfg = Debug|Any CPU
		{E6E2E490-F1BA-4713-B5C4-111C5FD5EC7D}.Debug|Any CPU.Build.0 = Debug|Any CPU
		{E6E2E490-F1BA-4713-B5C4-111C5FD5EC7D}.Release|Any CPU.ActiveCfg = Release|Any CPU
		{E6E2E490-F1BA-4713-B5C4-111C5FD5EC7D}.Release|Any CPU.Build.0 = Release|Any CPU
	EndGlobalSection
	GlobalSection(SolutionProperties) = preSolution
		HideSolutionNode = FALSE
	EndGlobalSection
	GlobalSection(ExtensibilityGlobals) = postSolution
		SolutionGuid = {14C8AD7A-6803-4CF2-83B3-0FD5CDD167BA}
	EndGlobalSection
EndGlobal
